
Microsoft Visual Studio Solution File, Format Version 12.00
# Visual Studio Version 16
VisualStudioVersion = 16.0.31911.196
MinimumVisualStudioVersion = 10.0.40219.1
Project("{9A19103F-16F7-4668-BE54-9A1E7A4F7556}") = "DndApp", "dndCLIapp\DndApp.csproj", "{916E53CD-F356-4BA4-838E-30CD9800EECC}"
EndProject
Global
	GlobalSection(SolutionConfigurationPlatforms) = preSolution
		Debug|Any CPU = Debug|Any CPU
		Release|Any CPU = Release|Any CPU
	EndGlobalSection
	GlobalSection(ProjectConfigurationPlatforms) = postSolution
		{916E53CD-F356-4BA4-838E-30CD9800EECC}.Debug|Any CPU.ActiveCfg = Debug|Any CPU
		{916E53CD-F356-4BA4-838E-30CD9800EECC}.Debug|Any CPU.Build.0 = Debug|Any CPU
		{916E53CD-F356-4BA4-838E-30CD9800EECC}.Release|Any CPU.ActiveCfg = Release|Any CPU
		{916E53CD-F356-4BA4-838E-30CD9800EECC}.Release|Any CPU.Build.0 = Release|Any CPU
	EndGlobalSection
	GlobalSection(SolutionProperties) = preSolution
		HideSolutionNode = FALSE
	EndGlobalSection
	GlobalSection(ExtensibilityGlobals) = postSolution
		SolutionGuid = {C86D2734-7540-4119-B7B9-65094BE07F7B}
	EndGlobalSection
EndGlobal
